// !$*UTF8*$!
{
	archiveVersion = 1;
	classes = {
	};
	objectVersion = 46;
	objects = {

/* Begin PBXBuildFile section */
		F99E69081AB89AEC000E194D /* AppDelegate.swift in Sources */ = {isa = PBXBuildFile; fileRef = F99E69071AB89AEC000E194D /* AppDelegate.swift */; };
		F99E690A1AB89AEC000E194D /* ViewController.swift in Sources */ = {isa = PBXBuildFile; fileRef = F99E69091AB89AEC000E194D /* ViewController.swift */; };
		F99E690D1AB89AEC000E194D /* Main.storyboard in Resources */ = {isa = PBXBuildFile; fileRef = F99E690B1AB89AEC000E194D /* Main.storyboard */; };
		F99E690F1AB89AEC000E194D /* Images.xcassets in Resources */ = {isa = PBXBuildFile; fileRef = F99E690E1AB89AEC000E194D /* Images.xcassets */; };
		F99E69121AB89AEC000E194D /* LaunchScreen.xib in Resources */ = {isa = PBXBuildFile; fileRef = F99E69101AB89AEC000E194D /* LaunchScreen.xib */; };
		F99E691E1AB89AEC000E194D /* StoryViewerTests.swift in Sources */ = {isa = PBXBuildFile; fileRef = F99E691D1AB89AEC000E194D /* StoryViewerTests.swift */; };
/* End PBXBuildFile section */

/* Begin PBXContainerItemProxy section */
		F99E69181AB89AEC000E194D /* PBXContainerItemProxy */ = {
			isa = PBXContainerItemProxy;
			containerPortal = F99E68FA1AB89AEC000E194D /* Project object */;
			proxyType = 1;
			remoteGlobalIDString = F99E69011AB89AEC000E194D;
			remoteInfo = StoryViewer;
		};
/* End PBXContainerItemProxy section */

/* Begin PBXFileReference section */
		F99E69021AB89AEC000E194D /* StoryViewer.app */ = {isa = PBXFileReference; explicitFileType = wrapper.application; includeInIndex = 0; path = StoryViewer.app; sourceTree = BUILT_PRODUCTS_DIR; };
		F99E69061AB89AEC000E194D /* Info.plist */ = {isa = PBXFileReference; lastKnownFileType = text.plist.xml; path = Info.plist; sourceTree = "<group>"; };
		F99E69071AB89AEC000E194D /* AppDelegate.swift */ = {isa = PBXFileReference; lastKnownFileType = sourcecode.swift; path = AppDelegate.swift; sourceTree = "<group>"; };
		F99E69091AB89AEC000E194D /* ViewController.swift */ = {isa = PBXFileReference; lastKnownFileType = sourcecode.swift; path = ViewController.swift; sourceTree = "<group>"; };
		F99E690C1AB89AEC000E194D /* Base */ = {isa = PBXFileReference; lastKnownFileType = file.storyboard; name = Base; path = Base.lproj/Main.storyboard; sourceTree = "<group>"; };
		F99E690E1AB89AEC000E194D /* Images.xcassets */ = {isa = PBXFileReference; lastKnownFileType = folder.assetcatalog; path = Images.xcassets; sourceTree = "<group>"; };
		F99E69111AB89AEC000E194D /* Base */ = {isa = PBXFileReference; lastKnownFileType = file.xib; name = Base; path = Base.lproj/LaunchScreen.xib; sourceTree = "<group>"; };
		F99E69171AB89AEC000E194D /* StoryViewerTests.xctest */ = {isa = PBXFileReference; explicitFileType = wrapper.cfbundle; includeInIndex = 0; path = StoryViewerTests.xctest; sourceTree = BUILT_PRODUCTS_DIR; };
		F99E691C1AB89AEC000E194D /* Info.plist */ = {isa = PBXFileReference; lastKnownFileType = text.plist.xml; path = Info.plist; sourceTree = "<group>"; };
		F99E691D1AB89AEC000E194D /* StoryViewerTests.swift */ = {isa = PBXFileReference; lastKnownFileType = sourcecode.swift; path = StoryViewerTests.swift; sourceTree = "<group>"; };
/* End PBXFileReference section */

/* Begin PBXFrameworksBuildPhase section */
		F99E68FF1AB89AEC000E194D /* Frameworks */ = {
			isa = PBXFrameworksBuildPhase;
			buildActionMask = 2147483647;
			files = (
			);
			runOnlyForDeploymentPostprocessing = 0;
		};
		F99E69141AB89AEC000E194D /* Frameworks */ = {
			isa = PBXFrameworksBuildPhase;
			buildActionMask = 2147483647;
			files = (
			);
			runOnlyForDeploymentPostprocessing = 0;
		};
/* End PBXFrameworksBuildPhase section */

/* Begin PBXGroup section */
		F99E68F91AB89AEC000E194D = {
			isa = PBXGroup;
			children = (
				F99E69041AB89AEC000E194D /* StoryViewer */,
				F99E691A1AB89AEC000E194D /* StoryViewerTests */,
				F99E69031AB89AEC000E194D /* Products */,
			);
			sourceTree = "<group>";
		};
		F99E69031AB89AEC000E194D /* Products */ = {
			isa = PBXGroup;
			children = (
				F99E69021AB89AEC000E194D /* StoryViewer.app */,
				F99E69171AB89AEC000E194D /* StoryViewerTests.xctest */,
			);
			name = Products;
			sourceTree = "<group>";
		};
		F99E69041AB89AEC000E194D /* StoryViewer */ = {
			isa = PBXGroup;
			children = (
				F99E69071AB89AEC000E194D /* AppDelegate.swift */,
				F99E69091AB89AEC000E194D /* ViewController.swift */,
				F99E690B1AB89AEC000E194D /* Main.storyboard */,
				F99E690E1AB89AEC000E194D /* Images.xcassets */,
				F99E69101AB89AEC000E194D /* LaunchScreen.xib */,
				F99E69051AB89AEC000E194D /* Supporting Files */,
			);
			path = StoryViewer;
			sourceTree = "<group>";
		};
		F99E69051AB89AEC000E194D /* Supporting Files */ = {
			isa = PBXGroup;
			children = (
				F99E69061AB89AEC000E194D /* Info.plist */,
			);
			name = "Supporting Files";
			sourceTree = "<group>";
		};
		F99E691A1AB89AEC000E194D /* StoryViewerTests */ = {
			isa = PBXGroup;
			children = (
				F99E691D1AB89AEC000E194D /* StoryViewerTests.swift */,
				F99E691B1AB89AEC000E194D /* Supporting Files */,
			);
			path = StoryViewerTests;
			sourceTree = "<group>";
		};
		F99E691B1AB89AEC000E194D /* Supporting Files */ = {
			isa = PBXGroup;
			children = (
				F99E691C1AB89AEC000E194D /* Info.plist */,
			);
			name = "Supporting Files";
			sourceTree = "<group>";
		};
/* End PBXGroup section */

/* Begin PBXNativeTarget section */
		F99E69011AB89AEC000E194D /* StoryViewer */ = {
			isa = PBXNativeTarget;
			buildConfigurationList = F99E69211AB89AEC000E194D /* Build configuration list for PBXNativeTarget "StoryViewer" */;
			buildPhases = (
				F99E68FE1AB89AEC000E194D /* Sources */,
				F99E68FF1AB89AEC000E194D /* Frameworks */,
				F99E69001AB89AEC000E194D /* Resources */,
			);
			buildRules = (
			);
			dependencies = (
			);
			name = StoryViewer;
			productName = StoryViewer;
			productReference = F99E69021AB89AEC000E194D /* StoryViewer.app */;
			productType = "com.apple.product-type.application";
		};
		F99E69161AB89AEC000E194D /* StoryViewerTests */ = {
			isa = PBXNativeTarget;
			buildConfigurationList = F99E69241AB89AEC000E194D /* Build configuration list for PBXNativeTarget "StoryViewerTests" */;
			buildPhases = (
				F99E69131AB89AEC000E194D /* Sources */,
				F99E69141AB89AEC000E194D /* Frameworks */,
				F99E69151AB89AEC000E194D /* Resources */,
			);
			buildRules = (
			);
			dependencies = (
				F99E69191AB89AEC000E194D /* PBXTargetDependency */,
			);
			name = StoryViewerTests;
			productName = StoryViewerTests;
			productReference = F99E69171AB89AEC000E194D /* StoryViewerTests.xctest */;
			productType = "com.apple.product-type.bundle.unit-test";
		};
/* End PBXNativeTarget section */

/* Begin PBXProject section */
		F99E68FA1AB89AEC000E194D /* Project object */ = {
			isa = PBXProject;
			attributes = {
				LastUpgradeCheck = 0620;
				ORGANIZATIONNAME = Siz;
				TargetAttributes = {
					F99E69011AB89AEC000E194D = {
						CreatedOnToolsVersion = 6.2;
					};
					F99E69161AB89AEC000E194D = {
						CreatedOnToolsVersion = 6.2;
						TestTargetID = F99E69011AB89AEC000E194D;
					};
				};
			};
			buildConfigurationList = F99E68FD1AB89AEC000E194D /* Build configuration list for PBXProject "StoryViewer" */;
			compatibilityVersion = "Xcode 3.2";
			developmentRegion = English;
			hasScannedForEncodings = 0;
			knownRegions = (
				en,
				Base,
			);
			mainGroup = F99E68F91AB89AEC000E194D;
			productRefGroup = F99E69031AB89AEC000E194D /* Products */;
			projectDirPath = "";
			projectRoot = "";
			targets = (
				F99E69011AB89AEC000E194D /* StoryViewer */,
				F99E69161AB89AEC000E194D /* StoryViewerTests */,
			);
		};
/* End PBXProject section */

/* Begin PBXResourcesBuildPhase section */
		F99E69001AB89AEC000E194D /* Resources */ = {
			isa = PBXResourcesBuildPhase;
			buildActionMask = 2147483647;
			files = (
				F99E690D1AB89AEC000E194D /* Main.storyboard in Resources */,
				F99E69121AB89AEC000E194D /* LaunchScreen.xib in Resources */,
				F99E690F1AB89AEC000E194D /* Images.xcassets in Resources */,
			);
			runOnlyForDeploymentPostprocessing = 0;
		};
		F99E69151AB89AEC000E194D /* Resources */ = {
			isa = PBXResourcesBuildPhase;
			buildActionMask = 2147483647;
			files = (
			);
			runOnlyForDeploymentPostprocessing = 0;
		};
/* End PBXResourcesBuildPhase section */

/* Begin PBXSourcesBuildPhase section */
		F99E68FE1AB89AEC000E194D /* Sources */ = {
			isa = PBXSourcesBuildPhase;
			buildActionMask = 2147483647;
			files = (
				F99E690A1AB89AEC000E194D /* ViewController.swift in Sources */,
				F99E69081AB89AEC000E194D /* AppDelegate.swift in Sources */,
			);
			runOnlyForDeploymentPostprocessing = 0;
		};
		F99E69131AB89AEC000E194D /* Sources */ = {
			isa = PBXSourcesBuildPhase;
			buildActionMask = 2147483647;
			files = (
				F99E691E1AB89AEC000E194D /* StoryViewerTests.swift in Sources */,
			);
			runOnlyForDeploymentPostprocessing = 0;
		};
/* End PBXSourcesBuildPhase section */

/* Begin PBXTargetDependency section */
		F99E69191AB89AEC000E194D /* PBXTargetDependency */ = {
			isa = PBXTargetDependency;
			target = F99E69011AB89AEC000E194D /* StoryViewer */;
			targetProxy = F99E69181AB89AEC000E194D /* PBXContainerItemProxy */;
		};
/* End PBXTargetDependency section */

/* Begin PBXVariantGroup section */
		F99E690B1AB89AEC000E194D /* Main.storyboard */ = {
			isa = PBXVariantGroup;
			children = (
				F99E690C1AB89AEC000E194D /* Base */,
			);
			name = Main.storyboard;
			sourceTree = "<group>";
		};
		F99E69101AB89AEC000E194D /* LaunchScreen.xib */ = {
			isa = PBXVariantGroup;
			children = (
				F99E69111AB89AEC000E194D /* Base */,
			);
			name = LaunchScreen.xib;
			sourceTree = "<group>";
		};
/* End PBXVariantGroup section */

/* Begin XCBuildConfiguration section */
		F99E691F1AB89AEC000E194D /* Debug */ = {
			isa = XCBuildConfiguration;
			buildSettings = {
				ALWAYS_SEARCH_USER_PATHS = NO;
				CLANG_CXX_LANGUAGE_STANDARD = "gnu++0x";
				CLANG_CXX_LIBRARY = "libc++";
				CLANG_ENABLE_MODULES = YES;
				CLANG_ENABLE_OBJC_ARC = YES;
				CLANG_WARN_BOOL_CONVERSION = YES;
				CLANG_WARN_CONSTANT_CONVERSION = YES;
				CLANG_WARN_DIRECT_OBJC_ISA_USAGE = YES_ERROR;
				CLANG_WARN_EMPTY_BODY = YES;
				CLANG_WARN_ENUM_CONVERSION = YES;
				CLANG_WARN_INT_CONVERSION = YES;
				CLANG_WARN_OBJC_ROOT_CLASS = YES_ERROR;
				CLANG_WARN_UNREACHABLE_CODE = YES;
				CLANG_WARN__DUPLICATE_METHOD_MATCH = YES;
				"CODE_SIGN_IDENTITY[sdk=iphoneos*]" = "iPhone Developer";
				COPY_PHASE_STRIP = NO;
				ENABLE_STRICT_OBJC_MSGSEND = YES;
				GCC_C_LANGUAGE_STANDARD = gnu99;
				GCC_DYNAMIC_NO_PIC = NO;
				GCC_OPTIMIZATION_LEVEL = 0;
				GCC_PREPROCESSOR_DEFINITIONS = (
					"DEBUG=1",
					"$(inherited)",
				);
				GCC_SYMBOLS_PRIVATE_EXTERN = NO;
				GCC_WARN_64_TO_32_BIT_CONVERSION = YES;
				GCC_WARN_ABOUT_RETURN_TYPE = YES_ERROR;
				GCC_WARN_UNDECLARED_SELECTOR = YES;
				GCC_WARN_UNINITIALIZED_AUTOS = YES_AGGRESSIVE;
				GCC_WARN_UNUSED_FUNCTION = YES;
				GCC_WARN_UNUSED_VARIABLE = YES;
				IPHONEOS_DEPLOYMENT_TARGET = 8.2;
				MTL_ENABLE_DEBUG_INFO = YES;
				ONLY_ACTIVE_ARCH = YES;
				SDKROOT = iphoneos;
				SWIFT_OPTIMIZATION_LEVEL = "-Onone";
				TARGETED_DEVICE_FAMILY = "1,2";
			};
			name = Debug;
		};
		F99E69201AB89AEC000E194D /* Release */ = {
			isa = XCBuildConfiguration;
			buildSettings = {
				ALWAYS_SEARCH_USER_PATHS = NO;
				CLANG_CXX_LANGUAGE_STANDARD = "gnu++0x";
				CLANG_CXX_LIBRARY = "libc++";
				CLANG_ENABLE_MODULES = YES;
				CLANG_ENABLE_OBJC_ARC = YES;
				CLANG_WARN_BOOL_CONVERSION = YES;
				CLANG_WARN_CONSTANT_CONVERSION = YES;
				CLANG_WARN_DIRECT_OBJC_ISA_USAGE = YES_ERROR;
				CLANG_WARN_EMPTY_BODY = YES;
				CLANG_WARN_ENUM_CONVERSION = YES;
				CLANG_WARN_INT_CONVERSION = YES;
				CLANG_WARN_OBJC_ROOT_CLASS = YES_ERROR;
				CLANG_WARN_UNREACHABLE_CODE = YES;
				CLANG_WARN__DUPLICATE_METHOD_MATCH = YES;
				"CODE_SIGN_IDENTITY[sdk=iphoneos*]" = "iPhone Developer";
				COPY_PHASE_STRIP = NO;
				ENABLE_NS_ASSERTIONS = NO;
				ENABLE_STRICT_OBJC_MSGSEND = YES;
				GCC_C_LANGUAGE_STANDARD = gnu99;
				GCC_WARN_64_TO_32_BIT_CONVERSION = YES;
				GCC_WARN_ABOUT_RETURN_TYPE = YES_ERROR;
				GCC_WARN_UNDECLARED_SELECTOR = YES;
				GCC_WARN_UNINITIALIZED_AUTOS = YES_AGGRESSIVE;
				GCC_WARN_UNUSED_FUNCTION = YES;
				GCC_WARN_UNUSED_VARIABLE = YES;
				IPHONEOS_DEPLOYMENT_TARGET = 8.2;
				MTL_ENABLE_DEBUG_INFO = NO;
				SDKROOT = iphoneos;
				TARGETED_DEVICE_FAMILY = "1,2";
				VALIDATE_PRODUCT = YES;
			};
			name = Release;
		};
		F99E69221AB89AEC000E194D /* Debug */ = {
			isa = XCBuildConfiguration;
			buildSettings = {
				ASSETCATALOG_COMPILER_APPICON_NAME = AppIcon;
				INFOPLIST_FILE = StoryViewer/Info.plist;
				LD_RUNPATH_SEARCH_PATHS = "$(inherited) @executable_path/Frameworks";
				PRODUCT_NAME = "$(TARGET_NAME)";
			};
			name = Debug;
		};
		F99E69231AB89AEC000E194D /* Release */ = {
			isa = XCBuildConfiguration;
			buildSettings = {
				ASSETCATALOG_COMPILER_APPICON_NAME = AppIcon;
				INFOPLIST_FILE = StoryViewer/Info.plist;
				LD_RUNPATH_SEARCH_PATHS = "$(inherited) @executable_path/Frameworks";
				PRODUCT_NAME = "$(TARGET_NAME)";
			};
			name = Release;
		};
		F99E69251AB89AEC000E194D /* Debug */ = {
			isa = XCBuildConfiguration;
			buildSettings = {
				BUNDLE_LOADER = "$(TEST_HOST)";
				FRAMEWORK_SEARCH_PATHS = (
					"$(SDKROOT)/Developer/Library/Frameworks",
					"$(inherited)",
				);
				GCC_PREPROCESSOR_DEFINITIONS = (
					"DEBUG=1",
					"$(inherited)",
				);
				INFOPLIST_FILE = StoryViewerTests/Info.plist;
				LD_RUNPATH_SEARCH_PATHS = "$(inherited) @executable_path/Frameworks @loader_path/Frameworks";
				PRODUCT_NAME = "$(TARGET_NAME)";
				TEST_HOST = "$(BUILT_PRODUCTS_DIR)/StoryViewer.app/StoryViewer";
			};
			name = Debug;
		};
		F99E69261AB89AEC000E194D /* Release */ = {
			isa = XCBuildConfiguration;
			buildSettings = {
				BUNDLE_LOADER = "$(TEST_HOST)";
				FRAMEWORK_SEARCH_PATHS = (
					"$(SDKROOT)/Developer/Library/Frameworks",
					"$(inherited)",
				);
				INFOPLIST_FILE = StoryViewerTests/Info.plist;
				LD_RUNPATH_SEARCH_PATHS = "$(inherited) @executable_path/Frameworks @loader_path/Frameworks";
				PRODUCT_NAME = "$(TARGET_NAME)";
				TEST_HOST = "$(BUILT_PRODUCTS_DIR)/StoryViewer.app/StoryViewer";
			};
			name = Release;
		};
/* End XCBuildConfiguration section */

/* Begin XCConfigurationList section */
		F99E68FD1AB89AEC000E194D /* Build configuration list for PBXProject "StoryViewer" */ = {
			isa = XCConfigurationList;
			buildConfigurations = (
				F99E691F1AB89AEC000E194D /* Debug */,
				F99E69201AB89AEC000E194D /* Release */,
			);
			defaultConfigurationIsVisible = 0;
			defaultConfigurationName = Release;
		};
		F99E69211AB89AEC000E194D /* Build configuration list for PBXNativeTarget "StoryViewer" */ = {
			isa = XCConfigurationList;
			buildConfigurations = (
				F99E69221AB89AEC000E194D /* Debug */,
				F99E69231AB89AEC000E194D /* Release */,
			);
			defaultConfigurationIsVisible = 0;
		};
		F99E69241AB89AEC000E194D /* Build configuration list for PBXNativeTarget "StoryViewerTests" */ = {
			isa = XCConfigurationList;
			buildConfigurations = (
				F99E69251AB89AEC000E194D /* Debug */,
				F99E69261AB89AEC000E194D /* Release */,
			);
			defaultConfigurationIsVisible = 0;
		};
/* End XCConfigurationList section */
	};
	rootObject = F99E68FA1AB89AEC000E194D /* Project object */;
}
